
Microsoft Visual Studio Solution File, Format Version 12.00
# Visual Studio Version 17
VisualStudioVersion = 17.2.32616.157
MinimumVisualStudioVersion = 10.0.40219.1
Project("{FAE04EC0-301F-11D3-BF4B-00C04F79EFBC}") = "findTheMissingNum", "findTheMissingNum\findTheMissingNum.csproj", "{A9DFB7B7-A437-4B4F-B5A3-5734113BB7FF}"
EndProject
Global
	GlobalSection(SolutionConfigurationPlatforms) = preSolution
		Debug|Any CPU = Debug|Any CPU
		Release|Any CPU = Release|Any CPU
	EndGlobalSection
	GlobalSection(ProjectConfigurationPlatforms) = postSolution
		{A9DFB7B7-A437-4B4F-B5A3-5734113BB7FF}.Debug|Any CPU.ActiveCfg = Debug|Any CPU
		{A9DFB7B7-A437-4B4F-B5A3-5734113BB7FF}.Debug|Any CPU.Build.0 = Debug|Any CPU
		{A9DFB7B7-A437-4B4F-B5A3-5734113BB7FF}.Release|Any CPU.ActiveCfg = Release|Any CPU
		{A9DFB7B7-A437-4B4F-B5A3-5734113BB7FF}.Release|Any CPU.Build.0 = Release|Any CPU
	EndGlobalSection
	GlobalSection(SolutionProperties) = preSolution
		HideSolutionNode = FALSE
	EndGlobalSection
	GlobalSection(ExtensibilityGlobals) = postSolution
		SolutionGuid = {84B459BF-1566-4C37-A2ED-735DBB4BBD96}
	EndGlobalSection
EndGlobal
