
Microsoft Visual Studio Solution File, Format Version 12.00
# Visual Studio Version 17
VisualStudioVersion = 17.2.32616.157
MinimumVisualStudioVersion = 10.0.40219.1
Project("{FAE04EC0-301F-11D3-BF4B-00C04F79EFBC}") = "While_loop", "While_loop\While_loop.csproj", "{234BA6F8-DDE6-45FC-B1AD-9DDA2CBB4123}"
EndProject
Global
	GlobalSection(SolutionConfigurationPlatforms) = preSolution
		Debug|Any CPU = Debug|Any CPU
		Release|Any CPU = Release|Any CPU
	EndGlobalSection
	GlobalSection(ProjectConfigurationPlatforms) = postSolution
		{234BA6F8-DDE6-45FC-B1AD-9DDA2CBB4123}.Debug|Any CPU.ActiveCfg = Debug|Any CPU
		{234BA6F8-DDE6-45FC-B1AD-9DDA2CBB4123}.Debug|Any CPU.Build.0 = Debug|Any CPU
		{234BA6F8-DDE6-45FC-B1AD-9DDA2CBB4123}.Release|Any CPU.ActiveCfg = Release|Any CPU
		{234BA6F8-DDE6-45FC-B1AD-9DDA2CBB4123}.Release|Any CPU.Build.0 = Release|Any CPU
	EndGlobalSection
	GlobalSection(SolutionProperties) = preSolution
		HideSolutionNode = FALSE
	EndGlobalSection
	GlobalSection(ExtensibilityGlobals) = postSolution
		SolutionGuid = {674A3A08-12AA-4B35-8639-6269F474CDBE}
	EndGlobalSection
EndGlobal
