
Microsoft Visual Studio Solution File, Format Version 12.00
# Visual Studio Version 17
VisualStudioVersion = 17.2.32616.157
MinimumVisualStudioVersion = 10.0.40219.1
Project("{FAE04EC0-301F-11D3-BF4B-00C04F79EFBC}") = "Return_statement", "Return_statement\Return_statement.csproj", "{2BF77FBB-A785-4DCD-A745-276D614688CD}"
EndProject
Global
	GlobalSection(SolutionConfigurationPlatforms) = preSolution
		Debug|Any CPU = Debug|Any CPU
		Release|Any CPU = Release|Any CPU
	EndGlobalSection
	GlobalSection(ProjectConfigurationPlatforms) = postSolution
		{2BF77FBB-A785-4DCD-A745-276D614688CD}.Debug|Any CPU.ActiveCfg = Debug|Any CPU
		{2BF77FBB-A785-4DCD-A745-276D614688CD}.Debug|Any CPU.Build.0 = Debug|Any CPU
		{2BF77FBB-A785-4DCD-A745-276D614688CD}.Release|Any CPU.ActiveCfg = Release|Any CPU
		{2BF77FBB-A785-4DCD-A745-276D614688CD}.Release|Any CPU.Build.0 = Release|Any CPU
	EndGlobalSection
	GlobalSection(SolutionProperties) = preSolution
		HideSolutionNode = FALSE
	EndGlobalSection
	GlobalSection(ExtensibilityGlobals) = postSolution
		SolutionGuid = {EEAE5F91-4507-4A96-8086-30E2E7AA9646}
	EndGlobalSection
EndGlobal
