
Microsoft Visual Studio Solution File, Format Version 12.00
# Visual Studio Version 17
VisualStudioVersion = 17.2.32616.157
MinimumVisualStudioVersion = 10.0.40219.1
Project("{FAE04EC0-301F-11D3-BF4B-00C04F79EFBC}") = "Silencer", "Silencer\Silencer.csproj", "{3B999687-BAD8-4762-94C5-AB9DC3014FAD}"
EndProject
Global
	GlobalSection(SolutionConfigurationPlatforms) = preSolution
		Debug|Any CPU = Debug|Any CPU
		Release|Any CPU = Release|Any CPU
	EndGlobalSection
	GlobalSection(ProjectConfigurationPlatforms) = postSolution
		{3B999687-BAD8-4762-94C5-AB9DC3014FAD}.Debug|Any CPU.ActiveCfg = Debug|Any CPU
		{3B999687-BAD8-4762-94C5-AB9DC3014FAD}.Debug|Any CPU.Build.0 = Debug|Any CPU
		{3B999687-BAD8-4762-94C5-AB9DC3014FAD}.Release|Any CPU.ActiveCfg = Release|Any CPU
		{3B999687-BAD8-4762-94C5-AB9DC3014FAD}.Release|Any CPU.Build.0 = Release|Any CPU
	EndGlobalSection
	GlobalSection(SolutionProperties) = preSolution
		HideSolutionNode = FALSE
	EndGlobalSection
	GlobalSection(ExtensibilityGlobals) = postSolution
		SolutionGuid = {332E8786-74B8-460D-B2B8-C48C3AACEE1F}
	EndGlobalSection
EndGlobal
