
Microsoft Visual Studio Solution File, Format Version 12.00
# Visual Studio Version 17
VisualStudioVersion = 17.2.32616.157
MinimumVisualStudioVersion = 10.0.40219.1
Project("{FAE04EC0-301F-11D3-BF4B-00C04F79EFBC}") = "Building_a_calculator", "Building_a_calculator\Building_a_calculator.csproj", "{A65703D7-4A0E-4077-B1C3-4C351398C785}"
EndProject
Global
	GlobalSection(SolutionConfigurationPlatforms) = preSolution
		Debug|Any CPU = Debug|Any CPU
		Release|Any CPU = Release|Any CPU
	EndGlobalSection
	GlobalSection(ProjectConfigurationPlatforms) = postSolution
		{A65703D7-4A0E-4077-B1C3-4C351398C785}.Debug|Any CPU.ActiveCfg = Debug|Any CPU
		{A65703D7-4A0E-4077-B1C3-4C351398C785}.Debug|Any CPU.Build.0 = Debug|Any CPU
		{A65703D7-4A0E-4077-B1C3-4C351398C785}.Release|Any CPU.ActiveCfg = Release|Any CPU
		{A65703D7-4A0E-4077-B1C3-4C351398C785}.Release|Any CPU.Build.0 = Release|Any CPU
	EndGlobalSection
	GlobalSection(SolutionProperties) = preSolution
		HideSolutionNode = FALSE
	EndGlobalSection
	GlobalSection(ExtensibilityGlobals) = postSolution
		SolutionGuid = {5A0A5219-55D9-439E-A233-C1DEB96FF518}
	EndGlobalSection
EndGlobal
