
Microsoft Visual Studio Solution File, Format Version 12.00
# Visual Studio Version 17
VisualStudioVersion = 17.2.32616.157
MinimumVisualStudioVersion = 10.0.40219.1
Project("{FAE04EC0-301F-11D3-BF4B-00C04F79EFBC}") = "Getting_user_input", "Getting_user_input\Getting_user_input.csproj", "{ED42EFD6-427D-4119-B308-7B3D1AA5C73C}"
EndProject
Global
	GlobalSection(SolutionConfigurationPlatforms) = preSolution
		Debug|Any CPU = Debug|Any CPU
		Release|Any CPU = Release|Any CPU
	EndGlobalSection
	GlobalSection(ProjectConfigurationPlatforms) = postSolution
		{ED42EFD6-427D-4119-B308-7B3D1AA5C73C}.Debug|Any CPU.ActiveCfg = Debug|Any CPU
		{ED42EFD6-427D-4119-B308-7B3D1AA5C73C}.Debug|Any CPU.Build.0 = Debug|Any CPU
		{ED42EFD6-427D-4119-B308-7B3D1AA5C73C}.Release|Any CPU.ActiveCfg = Release|Any CPU
		{ED42EFD6-427D-4119-B308-7B3D1AA5C73C}.Release|Any CPU.Build.0 = Release|Any CPU
	EndGlobalSection
	GlobalSection(SolutionProperties) = preSolution
		HideSolutionNode = FALSE
	EndGlobalSection
	GlobalSection(ExtensibilityGlobals) = postSolution
		SolutionGuid = {8BF48F96-D11C-4184-ACC0-FFA73E8420F4}
	EndGlobalSection
EndGlobal
